
Microsoft Visual Studio Solution File, Format Version 12.00
# Visual Studio Version 17
VisualStudioVersion = 17.11.35327.3
MinimumVisualStudioVersion = 10.0.40219.1
Project("{9A19103F-16F7-4668-BE54-9A1E7A4F7556}") = "BankATM.Tests", "BankATM.Tests\BankATM.Tests.csproj", "{2336A65C-0BFD-4286-AFD2-F7A4D7517344}"
EndProject
Project("{9A19103F-16F7-4668-BE54-9A1E7A4F7556}") = "BankATM.Domain", "BankATM.Domain\BankATM.Domain.csproj", "{61F63A72-270C-40F7-BA2C-0478D1FFB169}"
EndProject
Project("{9A19103F-16F7-4668-BE54-9A1E7A4F7556}") = "BankATM.Application", "BankATM.Application\BankATM.Application.csproj", "{5661AFE2-4955-46DF-98C5-045D08ED420C}"
EndProject
Project("{9A19103F-16F7-4668-BE54-9A1E7A4F7556}") = "BankATM.Infrastructure", "BankATM.Infrastructure\BankATM.Infrastructure.csproj", "{6D141CAB-6BCD-4FEB-B1CB-0A2D071DB27F}"
EndProject
Project("{9A19103F-16F7-4668-BE54-9A1E7A4F7556}") = "BankATM.Api", "BankATM.Api\BankATM.Api.csproj", "{103177DC-F2CB-4EF1-AAA1-7C88D00834C2}"
EndProject
Global
	GlobalSection(SolutionConfigurationPlatforms) = preSolution
		Debug|Any CPU = Debug|Any CPU
		Release|Any CPU = Release|Any CPU
	EndGlobalSection
	GlobalSection(ProjectConfigurationPlatforms) = postSolution
		{2336A65C-0BFD-4286-AFD2-F7A4D7517344}.Debug|Any CPU.ActiveCfg = Debug|Any CPU
		{2336A65C-0BFD-4286-AFD2-F7A4D7517344}.Debug|Any CPU.Build.0 = Debug|Any CPU
		{2336A65C-0BFD-4286-AFD2-F7A4D7517344}.Release|Any CPU.ActiveCfg = Release|Any CPU
		{2336A65C-0BFD-4286-AFD2-F7A4D7517344}.Release|Any CPU.Build.0 = Release|Any CPU
		{61F63A72-270C-40F7-BA2C-0478D1FFB169}.Debug|Any CPU.ActiveCfg = Debug|Any CPU
		{61F63A72-270C-40F7-BA2C-0478D1FFB169}.Debug|Any CPU.Build.0 = Debug|Any CPU
		{61F63A72-270C-40F7-BA2C-0478D1FFB169}.Release|Any CPU.ActiveCfg = Release|Any CPU
		{61F63A72-270C-40F7-BA2C-0478D1FFB169}.Release|Any CPU.Build.0 = Release|Any CPU
		{5661AFE2-4955-46DF-98C5-045D08ED420C}.Debug|Any CPU.ActiveCfg = Debug|Any CPU
		{5661AFE2-4955-46DF-98C5-045D08ED420C}.Debug|Any CPU.Build.0 = Debug|Any CPU
		{5661AFE2-4955-46DF-98C5-045D08ED420C}.Release|Any CPU.ActiveCfg = Release|Any CPU
		{5661AFE2-4955-46DF-98C5-045D08ED420C}.Release|Any CPU.Build.0 = Release|Any CPU
		{6D141CAB-6BCD-4FEB-B1CB-0A2D071DB27F}.Debug|Any CPU.ActiveCfg = Debug|Any CPU
		{6D141CAB-6BCD-4FEB-B1CB-0A2D071DB27F}.Debug|Any CPU.Build.0 = Debug|Any CPU
		{6D141CAB-6BCD-4FEB-B1CB-0A2D071DB27F}.Release|Any CPU.ActiveCfg = Release|Any CPU
		{6D141CAB-6BCD-4FEB-B1CB-0A2D071DB27F}.Release|Any CPU.Build.0 = Release|Any CPU
		{103177DC-F2CB-4EF1-AAA1-7C88D00834C2}.Debug|Any CPU.ActiveCfg = Debug|Any CPU
		{103177DC-F2CB-4EF1-AAA1-7C88D00834C2}.Debug|Any CPU.Build.0 = Debug|Any CPU
		{103177DC-F2CB-4EF1-AAA1-7C88D00834C2}.Release|Any CPU.ActiveCfg = Release|Any CPU
		{103177DC-F2CB-4EF1-AAA1-7C88D00834C2}.Release|Any CPU.Build.0 = Release|Any CPU
	EndGlobalSection
	GlobalSection(SolutionProperties) = preSolution
		HideSolutionNode = FALSE
	EndGlobalSection
	GlobalSection(ExtensibilityGlobals) = postSolution
		SolutionGuid = {EE6CE83A-15A5-4304-8DEE-A93F95DD0649}
	EndGlobalSection
EndGlobal
